{
  "name": "d41-check-publishing-pckg",
  "version": "1.0.0",
  "lockfileVersion": 3,
  "requires": true,
  "packages": {
    "": {
      "name": "d41-check-publishing-pckg",
      "version": "1.0.0",
      "license": "ISC",
      "dependencies": {
        "sashi-caplow": "^1.0.0",
        "sashi-upperlow": "^1.0.0"
      }
    },
    "node_modules/lower-case": {
      "version": "3.0.0",
      "resolved": "https://registry.npmjs.org/lower-case/-/lower-case-3.0.0.tgz",
      "integrity": "sha512-KvfWLLeuCsAiu/qKewwRySKdF9ZUU9kuYMNxQWkLBvAe43t1013h7Cef6+I1BJAo9dpioYcM5rXwdQjCoJ3U/A==",
      "deprecated": "Use `str.toLocaleLowerCase` or `str.toLowerCase`"
    },
    "node_modules/sashi-caplow": {
      "version": "1.0.0",
      "resolved": "https://registry.npmjs.org/sashi-caplow/-/sashi-caplow-1.0.0.tgz",
      "integrity": "sha512-fRIzuR5F5U4wygkxSWv0ii4issVRWl5h56W93ltLB2fsCe3UWO3DFByAqJJlD/fHwwDta7a6OvWY4lEdAcxfVg==",
      "dependencies": {
        "lower-case": "^3.0.0",
        "upper-case": "^2.0.0"
      }
    },
    "node_modules/sashi-upperlow": {
      "version": "1.0.0",
      "resolved": "https://registry.npmjs.org/sashi-upperlow/-/sashi-upperlow-1.0.0.tgz",
      "integrity": "sha512-C6nNvC09WkLVVDcTzc+AmOOXO+ZE5kvOcrYHqbuRMpzqDH7z3Iuy/3BA+8STSeJq6pXl3jbY+V2Ny/HwW/cvWw==",
      "dependencies": {
        "lower-case": "^3.0.0",
        "upper-case": "^2.0.0"
      }
    },
    "node_modules/tslib": {
      "version": "2.6.2",
      "resolved": "https://registry.npmjs.org/tslib/-/tslib-2.6.2.tgz",
      "integrity": "sha512-AEYxH93jGFPn/a2iVAwW87VuUIkR1FVUKB77NwMF7nBTDkDrrT/Hpt/IrCJ0QXhW27jTBDcf5ZY7w6RiqTMw2Q=="
    },
    "node_modules/upper-case": {
      "version": "2.0.2",
      "resolved": "https://registry.npmjs.org/upper-case/-/upper-case-2.0.2.tgz",
      "integrity": "sha512-KgdgDGJt2TpuwBUIjgG6lzw2GWFRCW9Qkfkiv0DxqHHLYJHmtmdUIKcZd8rHgFSjopVTlw6ggzCm1b8MFQwikg==",
      "dependencies": {
        "tslib": "^2.0.3"
      }
    }
  }
}
